Microsoft Visual Studio Solution File, Format Version 12.00
# Visual Studio Version 17
VisualStudioVersion = 17.5.2.0
MinimumVisualStudioVersion = 10.0.40219.1
Project("{FAE04EC0-301F-11D3-BF4B-00C04F79EFBC}") = "QTProject", "QTProject\QTProject.csproj", "{69CD6D03-0212-C685-AB9E-D9F5A3EC4D15}"
EndProject
Global
	GlobalSection(SolutionConfigurationPlatforms) = preSolution
		Debug|Any CPU = Debug|Any CPU
		Release|Any CPU = Release|Any CPU
	EndGlobalSection
	GlobalSection(ProjectConfigurationPlatforms) = postSolution
		{69CD6D03-0212-C685-AB9E-D9F5A3EC4D15}.Debug|Any CPU.ActiveCfg = Debug|Any CPU
		{69CD6D03-0212-C685-AB9E-D9F5A3EC4D15}.Debug|Any CPU.Build.0 = Debug|Any CPU
		{69CD6D03-0212-C685-AB9E-D9F5A3EC4D15}.Release|Any CPU.ActiveCfg = Release|Any CPU
		{69CD6D03-0212-C685-AB9E-D9F5A3EC4D15}.Release|Any CPU.Build.0 = Release|Any CPU
	EndGlobalSection
	GlobalSection(SolutionProperties) = preSolution
		HideSolutionNode = FALSE
	EndGlobalSection
	GlobalSection(ExtensibilityGlobals) = postSolution
		SolutionGuid = {8DCE1993-C777-42CF-9333-424FAD1E02BA}
	EndGlobalSection
EndGlobal
